
Microsoft Visual Studio Solution File, Format Version 12.00
# Visual Studio Version 17
VisualStudioVersion = 17.9.34728.123
MinimumVisualStudioVersion = 10.0.40219.1
Project("{FAE04EC0-301F-11D3-BF4B-00C04F79EFBC}") = "RestaurantManagement", "RestaurantManagement\RestaurantManagement.csproj", "{A94127A3-27FB-4C3B-BA3A-DE3C99C16169}"
EndProject
Global
	GlobalSection(SolutionConfigurationPlatforms) = preSolution
		Debug|Any CPU = Debug|Any CPU
		Release|Any CPU = Release|Any CPU
	EndGlobalSection
	GlobalSection(ProjectConfigurationPlatforms) = postSolution
		{A94127A3-27FB-4C3B-BA3A-DE3C99C16169}.Debug|Any CPU.ActiveCfg = Debug|Any CPU
		{A94127A3-27FB-4C3B-BA3A-DE3C99C16169}.Debug|Any CPU.Build.0 = Debug|Any CPU
		{A94127A3-27FB-4C3B-BA3A-DE3C99C16169}.Release|Any CPU.ActiveCfg = Release|Any CPU
		{A94127A3-27FB-4C3B-BA3A-DE3C99C16169}.Release|Any CPU.Build.0 = Release|Any CPU
	EndGlobalSection
	GlobalSection(SolutionProperties) = preSolution
		HideSolutionNode = FALSE
	EndGlobalSection
	GlobalSection(ExtensibilityGlobals) = postSolution
		SolutionGuid = {144642C2-667B-4B3E-A4DA-97B37FBD9B05}
	EndGlobalSection
EndGlobal
